[[tools."github:Kitware/CMake"]]
version = "4.2.1"
backend = 'github:Kitware/CMake[platforms={ linux-x64 = { asset_pattern = "cmake-*-linux-x86_64.tar.gz" }, macos-arm64 = { asset_pattern = "cmake-*-macos-universal.tar.gz", bin_path = "CMake.app/Contents/bin" }, windows-x64 = { asset_pattern = "cmake-*-windows-x86_64.zip" } }]'
"platforms.linux-arm64" = { checksum = "sha256:3e178207a2c42af4cd4883127f8800b6faf99f3f5187dccc68bfb2cc7808f5f7", url = "https://github.com/Kitware/CMake/releases/download/v4.2.1/cmake-4.2.1-linux-aarch64.tar.gz", url_api = "https://api.github.com/repos/Kitware/CMake/releases/assets/326044784"}
"platforms.linux-x64" = { checksum = "sha256:c059bff1e97a2b6b5b0c0872263627486345ad0ed083298cb21cff2eda883980", url = "https://github.com/Kitware/CMake/releases/download/v4.2.1/cmake-4.2.1-linux-x86_64.tar.gz", url_api = "https://api.github.com/repos/Kitware/CMake/releases/assets/326044805"}
"platforms.macos-arm64" = { checksum = "sha256:0bb18f295e52d7e9309980e361e79e76a1d8da67a1587255cbe3696ea998f597", url = "https://github.com/Kitware/CMake/releases/download/v4.2.1/cmake-4.2.1-macos-universal.tar.gz", url_api = "https://api.github.com/repos/Kitware/CMake/releases/assets/326044849"}
"platforms.macos-x64" = { checksum = "sha256:0bb18f295e52d7e9309980e361e79e76a1d8da67a1587255cbe3696ea998f597", url = "https://github.com/Kitware/CMake/releases/download/v4.2.1/cmake-4.2.1-macos-universal.tar.gz", url_api = "https://api.github.com/repos/Kitware/CMake/releases/assets/326044849"}
"platforms.windows-x64" = { checksum = "sha256:dfc2b2afac257555e3b9ce375b12b2883964283a366c17fec96cf4d17e4f1677", url = "https://github.com/Kitware/CMake/releases/download/v4.2.1/cmake-4.2.1-windows-x86_64.zip", url_api = "https://api.github.com/repos/Kitware/CMake/releases/assets/326045064"}

[[tools."github:PowerShell/PowerShell"]]
version = "7.5.4"
backend = 'github:PowerShell/PowerShell[platforms={ linux-x64 = { asset_pattern = "powershell-*-linux-x64.tar.gz" }, macos-arm64 = { asset_pattern = "powershell-*-osx-arm64.tar.gz" }, windows-x64 = { asset_pattern = "PowerShell-*-win-x64.zip" } }]'
"platforms.linux-arm64" = { checksum = "sha256:4b32d4cb86a43dfb83d5602d0294295bf22fafbf9e0785d1aaef81938cda92f8", url = "https://github.com/PowerShell/PowerShell/releases/download/v7.5.4/powershell-7.5.4-linux-arm64.tar.gz", url_api = "https://api.github.com/repos/PowerShell/PowerShell/releases/assets/305232364"}
"platforms.linux-x64" = { checksum = "sha256:e2d860fee907f4d772116de5d0bcb36545f5f6af1d1373a955099c4d334306d6", url = "https://github.com/PowerShell/PowerShell/releases/download/v7.5.4/powershell-7.5.4-linux-x64-fxdependent.tar.gz", url_api = "https://api.github.com/repos/PowerShell/PowerShell/releases/assets/305232392"}
"platforms.macos-arm64" = { checksum = "sha256:3aaadd7ca62f1e4dbe59145b6af24e926d61f8da8a4782bc535e500c184135f0", url = "https://github.com/PowerShell/PowerShell/releases/download/v7.5.4/powershell-7.5.4-osx-arm64.tar.gz", url_api = "https://api.github.com/repos/PowerShell/PowerShell/releases/assets/305232461"}
"platforms.macos-x64" = { checksum = "sha256:cd16a04c1b99cdacbdc0337b0fd0da50dbf1a8b4e8437bcb4ca9118ef729211a", url = "https://github.com/PowerShell/PowerShell/releases/download/v7.5.4/powershell-7.5.4-osx-x64.tar.gz", url_api = "https://api.github.com/repos/PowerShell/PowerShell/releases/assets/305232543"}
"platforms.windows-x64" = { checksum = "sha256:b40d192ae95ba6ccc4cc362ff4e1b18ca6fb5055bebbcd3920684e12701fa8f6", url = "https://github.com/PowerShell/PowerShell/releases/download/v7.5.4/PowerShell-7.5.4-win-x64.zip", url_api = "https://api.github.com/repos/PowerShell/PowerShell/releases/assets/305232969"}

[[tools."github:bazelbuild/bazel"]]
version = "8.5.0"
backend = 'github:bazelbuild/bazel[bin=bazel,platforms={ linux-x64 = { asset_pattern = "bazel-*-linux-x86_64" }, macos-arm64 = { asset_pattern = "bazel-*-darwin-arm64" }, windows-x64 = { asset_pattern = "bazel-*-windows-x86_64.exe", bin = "bazel.exe" } }]'
"platforms.linux-arm64" = { checksum = "sha256:b476d96141f9bd803562aee0448376b61494112918bce441898585493db33ed1", url = "https://github.com/bazelbuild/bazel/releases/download/8.5.0/bazel-8.5.0-dist.zip", url_api = "https://api.github.com/repos/bazelbuild/bazel/releases/assets/327547777"}
"platforms.linux-x64" = { checksum = "sha256:b476d96141f9bd803562aee0448376b61494112918bce441898585493db33ed1", url = "https://github.com/bazelbuild/bazel/releases/download/8.5.0/bazel-8.5.0-dist.zip", url_api = "https://api.github.com/repos/bazelbuild/bazel/releases/assets/327547777"}
"platforms.macos-arm64" = { checksum = "sha256:b476d96141f9bd803562aee0448376b61494112918bce441898585493db33ed1", url = "https://github.com/bazelbuild/bazel/releases/download/8.5.0/bazel-8.5.0-dist.zip", url_api = "https://api.github.com/repos/bazelbuild/bazel/releases/assets/327547777"}
"platforms.macos-x64" = { checksum = "sha256:b476d96141f9bd803562aee0448376b61494112918bce441898585493db33ed1", url = "https://github.com/bazelbuild/bazel/releases/download/8.5.0/bazel-8.5.0-dist.zip", url_api = "https://api.github.com/repos/bazelbuild/bazel/releases/assets/327547777"}
"platforms.windows-x64" = { checksum = "sha256:5001d020cd04a27f8ef9d1832ffd96ee4973e658a4601c7c9d62b0ae762fa204", url = "https://github.com/bazelbuild/bazel/releases/download/8.5.0/bazel-8.5.0-windows-x86_64.zip", url_api = "https://api.github.com/repos/bazelbuild/bazel/releases/assets/327548443"}

[[tools."github:koalaman/shellcheck"]]
version = "0.11.0"
backend = 'github:koalaman/shellcheck[platforms={ linux-x64 = { asset_pattern = "shellcheck-*.linux.x86_64.tar.xz" }, macos-arm64 = { asset_pattern = "shellcheck-*.darwin.aarch64.tar.xz" }, windows-x64 = { asset_pattern = "shellcheck-*.zip" } }]'
"platforms.linux-arm64" = { checksum = "sha256:12b331c1d2db6b9eb13cfca64306b1b157a86eb69db83023e261eaa7e7c14588", url = "https://github.com/koalaman/shellcheck/releases/download/v0.11.0/shellcheck-v0.11.0.linux.aarch64.tar.xz", url_api = "https://api.github.com/repos/koalaman/shellcheck/releases/assets/279056934"}
"platforms.linux-x64" = { checksum = "sha256:8c3be12b05d5c177a04c29e3c78ce89ac86f1595681cab149b65b97c4e227198", url = "https://github.com/koalaman/shellcheck/releases/download/v0.11.0/shellcheck-v0.11.0.linux.x86_64.tar.xz", url_api = "https://api.github.com/repos/koalaman/shellcheck/releases/assets/279056942"}
"platforms.macos-arm64" = { checksum = "sha256:56affdd8de5527894dca6dc3d7e0a99a873b0f004d7aabc30ae407d3f48b0a79", url = "https://github.com/koalaman/shellcheck/releases/download/v0.11.0/shellcheck-v0.11.0.darwin.aarch64.tar.xz", url_api = "https://api.github.com/repos/koalaman/shellcheck/releases/assets/279056932"}
"platforms.macos-x64" = { checksum = "sha256:3c89db4edcab7cf1c27bff178882e0f6f27f7afdf54e859fa041fca10febe4c6", url = "https://github.com/koalaman/shellcheck/releases/download/v0.11.0/shellcheck-v0.11.0.darwin.x86_64.tar.xz", url_api = "https://api.github.com/repos/koalaman/shellcheck/releases/assets/279056930"}
"platforms.windows-x64" = { checksum = "sha256:8a4e35ab0b331c85d73567b12f2a444df187f483e5079ceffa6bda1faa2e740e", url = "https://github.com/koalaman/shellcheck/releases/download/v0.11.0/shellcheck-v0.11.0.zip", url_api = "https://api.github.com/repos/koalaman/shellcheck/releases/assets/279056944"}

[[tools."github:xmake-io/xmake"]]
version = "3.0.3"
backend = 'github:xmake-io/xmake[bin=xmake,platforms={ linux-x64 = { asset_pattern = "xmake-bundle-v*.linux.x86_64" }, macos-arm64 = { asset_pattern = "xmake-bundle-v*.macos.arm64" }, windows-x64 = { asset_pattern = "xmake-bundle-v*.win64.exe", bin = "xmake.exe" } }]'
"platforms.linux-arm64" = { checksum = "sha256:8e1b240ea4a95a88f71b56645c407476874486bc5dd49c5bd2848bbe1b6a1acc", url = "https://github.com/xmake-io/xmake/releases/download/v3.0.3/xmake-master.arm64.zip", url_api = "https://api.github.com/repos/xmake-io/xmake/releases/assets/303613485"}
"platforms.linux-x64" = { checksum = "sha256:898cd547e30c62652c9cf4441ed6aa0a63b31db935d41a8b850b5f99047f181e", url = "https://github.com/xmake-io/xmake/releases/download/v3.0.3/xmake-master.tar.gz", url_api = "https://api.github.com/repos/xmake-io/xmake/releases/assets/303612330"}
"platforms.macos-arm64" = { checksum = "sha256:8e1b240ea4a95a88f71b56645c407476874486bc5dd49c5bd2848bbe1b6a1acc", url = "https://github.com/xmake-io/xmake/releases/download/v3.0.3/xmake-master.arm64.zip", url_api = "https://api.github.com/repos/xmake-io/xmake/releases/assets/303613485"}
"platforms.macos-x64" = { checksum = "sha256:898cd547e30c62652c9cf4441ed6aa0a63b31db935d41a8b850b5f99047f181e", url = "https://github.com/xmake-io/xmake/releases/download/v3.0.3/xmake-master.tar.gz", url_api = "https://api.github.com/repos/xmake-io/xmake/releases/assets/303612330"}
"platforms.windows-x64" = { checksum = "sha256:2179fcf1b6bf9be27bb86f9aeba4eaf18dfebad4d01375b1cfa7a8946cd5560e", url = "https://github.com/xmake-io/xmake/releases/download/v3.0.3/xmake-master.win32.zip", url_api = "https://api.github.com/repos/xmake-io/xmake/releases/assets/303624615"}

[[tools."http:llvm/llvm-project"]]
version = "20.1.8"
backend = 'http:llvm/llvm-project[platforms={ linux-x64 = { url = "https://github.com/llvm/llvm-project/releases/download/llvmorg-{version}/LLVM-{version}-Linux-X64.tar.xz" }, macos-arm64 = { url = "https://github.com/llvm/llvm-project/releases/download/llvmorg-{version}/LLVM-{version}-macOS-ARM64.tar.xz" }, windows-x64 = { url = "https://github.com/llvm/llvm-project/releases/download/llvmorg-{version}/clang+llvm-{version}-x86_64-pc-windows-msvc.tar.xz" } }]'

[[tools.node]]
version = "22.21.1"
backend = "core:node"
"platforms.linux-arm64" = { checksum = "sha256:c86830dedf77f8941faa6c5a9c863bdfdd1927a336a46943decc06a38f80bfb2", url = "https://nodejs.org/dist/v22.21.1/node-v22.21.1-linux-arm64.tar.gz"}
"platforms.linux-x64" = { checksum = "sha256:219a152ea859861d75adea578bdec3dce8143853c13c5187f40c40e77b0143b2", url = "https://nodejs.org/dist/v22.21.1/node-v22.21.1-linux-x64.tar.gz"}
"platforms.macos-arm64" = { checksum = "sha256:c170d6554fba83d41d25a76cdbad85487c077e51fa73519e41ac885aa429d8af", url = "https://nodejs.org/dist/v22.21.1/node-v22.21.1-darwin-arm64.tar.gz"}
"platforms.macos-x64" = { checksum = "sha256:8e3dc89614debe66c2a6ad2313a1adb06eb37db6cd6c40d7de6f7d987f7d1afd", url = "https://nodejs.org/dist/v22.21.1/node-v22.21.1-darwin-x64.tar.gz"}
"platforms.windows-x64" = { checksum = "sha256:3c624e9fbe07e3217552ec52a0f84e2bdc2e6ffa7348f3fdfb9fbf8f42e23fcf", url = "https://nodejs.org/dist/v22.21.1/node-v22.21.1-win-x64.zip"}

[[tools.python]]
version = "3.11.14"
backend = "core:python"

[[tools.uv]]
version = "0.9.18"
backend = "aqua:astral-sh/uv"
"platforms.linux-arm64" = { checksum = "sha256:b710ceb9889276cbd7ce04e2ca06b5bd3e288da465bd38f7dd17955c4e703a65", url = "https://github.com/astral-sh/uv/releases/download/0.9.18/uv-aarch64-unknown-linux-musl.tar.gz"}
"platforms.linux-x64" = { checksum = "sha256:a55ae2d0d53c8f6541bb4d6afc95857ff33a97de8f1d23e9d09acdcb865c4a00", url = "https://github.com/astral-sh/uv/releases/download/0.9.18/uv-x86_64-unknown-linux-musl.tar.gz"}
"platforms.macos-arm64" = { checksum = "sha256:dc3bee4abbb3bac267a3985a23ea7617d19d41ff381dbaf560ba415ad65af68f", url = "https://github.com/astral-sh/uv/releases/download/0.9.18/uv-aarch64-apple-darwin.tar.gz"}
"platforms.macos-x64" = { checksum = "sha256:f86836c637333c65bbc7902acc9c49888eef9fbd15dccbc1946b10e30b041073", url = "https://github.com/astral-sh/uv/releases/download/0.9.18/uv-x86_64-apple-darwin.tar.gz"}
"platforms.windows-x64" = { checksum = "sha256:28cbe5d30907a774bfe27a517a39b494ec6f7d3816bda8bbf6f9645490449182", url = "https://github.com/astral-sh/uv/releases/download/0.9.18/uv-x86_64-pc-windows-msvc.zip"}
