[[tools."github:Kitware/CMake"]]
version = "4.1.2"
backend = "github:Kitware/CMake"

[[tools."github:bazelbuild/bazel"]]
version = "8.4.2"
backend = 'github:bazelbuild/bazel[bin=bazel,platforms={ linux-x64 = { asset_pattern = "bazel-*-linux-88_x64" }, macos-arm64 = { asset_pattern = "bazel-*-darwin-arm64" }, windows-x64 = { asset_pattern = "bazel-*-windows-x86_64.exe", bin = "bazel.exe" } }]'

[[tools."github:xmake-io/xmake"]]
version = "3.0.3"
backend = "github:xmake-io/xmake"

[[tools."http:llvm/llvm-project"]]
version = "20.1.8"
backend = 'http:llvm/llvm-project[platforms={ linux-x64 = { url = "https://github.com/llvm/llvm-project/releases/download/llvmorg-{version}/LLVM-{version}-Linux-X64.tar.xz" }, macos-arm64 = { url = "https://github.com/llvm/llvm-project/releases/download/llvmorg-{version}/LLVM-{version}-macOS-ARM64.tar.xz" }, windows-x64 = { url = "https://github.com/llvm/llvm-project/releases/download/llvmorg-{version}/clang+llvm-{version}-x86_64-pc-windows-msvc.tar.xz" } }]'

[[tools.node]]
version = "25.1.0"
backend = "core:node"

[[tools.python]]
version = "3.11.14"
backend = "core:python"

[[tools.uv]]
version = "0.9.8"
backend = "aqua:astral-sh/uv"

[tools.uv.platforms.windows-x64]
checksum = "sha256:bb94629392b11d49f202e748d5842a0c89ebe570c152ad8ea1425ece01dc4222"
size = 20840146
url = "https://github.com/astral-sh/uv/releases/download/0.9.8/uv-x86_64-pc-windows-msvc.zip"
